// !$*UTF8*$!
{
	archiveVersion = 1;
	classes = {
	};
	objectVersion = 48;
	objects = {

/* Begin PBXBuildFile section */
		7B0398E47B904B4271EBB7B3 /* Pods_iOSTranning112017.framework in Frameworks */ = {isa = PBXBuildFile; fileRef = B140E66A1F1F2F874FE6FB52 /* Pods_iOSTranning112017.framework */; };
		A823122E1FBA740900193D97 /* SignUpViewController.swift in Sources */ = {isa = PBXBuildFile; fileRef = A823122D1FBA740900193D97 /* SignUpViewController.swift */; };
		A88672761FCEBEAB004AE90A /* Assets.xcassets in Resources */ = {isa = PBXBuildFile; fileRef = A88672751FCEBEAA004AE90A /* Assets.xcassets */; };
		A88CCFF71FCD08E500BC93AE /* FirstTimelineTableViewCell.swift in Sources */ = {isa = PBXBuildFile; fileRef = A88CCFF61FCD08E500BC93AE /* FirstTimelineTableViewCell.swift */; };
		A88CCFFB1FCD0A9600BC93AE /* Login.storyboard in Resources */ = {isa = PBXBuildFile; fileRef = A88CCFFA1FCD0A9600BC93AE /* Login.storyboard */; };
		A88CCFFD1FCD0B3A00BC93AE /* Timeline.storyboard in Resources */ = {isa = PBXBuildFile; fileRef = A88CCFFC1FCD0B3A00BC93AE /* Timeline.storyboard */; };
		A88CD0031FCD0DDC00BC93AE /* FirstTimelineTableViewCell.xib in Resources */ = {isa = PBXBuildFile; fileRef = A88CD0021FCD0DDC00BC93AE /* FirstTimelineTableViewCell.xib */; };
		A88CD0051FCD0E2100BC93AE /* CustomSearchBar.swift in Sources */ = {isa = PBXBuildFile; fileRef = A88CD0041FCD0E2100BC93AE /* CustomSearchBar.swift */; };
		A88CD0071FCD0E9000BC93AE /* TimeLineTableViewCell.swift in Sources */ = {isa = PBXBuildFile; fileRef = A88CD0061FCD0E9000BC93AE /* TimeLineTableViewCell.swift */; };
		A88CD0091FCD0EB400BC93AE /* TimeLineTableViewCell.xib in Resources */ = {isa = PBXBuildFile; fileRef = A88CD0081FCD0EB400BC93AE /* TimeLineTableViewCell.xib */; };
		A88CD00C1FCD0F3200BC93AE /* FirstCommentTableViewCell.swift in Sources */ = {isa = PBXBuildFile; fileRef = A88CD00A1FCD0F3200BC93AE /* FirstCommentTableViewCell.swift */; };
		A88CD00D1FCD0F3200BC93AE /* FirstCommentTableViewCell.xib in Resources */ = {isa = PBXBuildFile; fileRef = A88CD00B1FCD0F3200BC93AE /* FirstCommentTableViewCell.xib */; };
		A88CD00F1FCD0F7500BC93AE /* CustomCommentCell.swift in Sources */ = {isa = PBXBuildFile; fileRef = A88CD00E1FCD0F7500BC93AE /* CustomCommentCell.swift */; };
		A88CD0111FCD0F9A00BC93AE /* CustomCommentCell.xib in Resources */ = {isa = PBXBuildFile; fileRef = A88CD0101FCD0F9A00BC93AE /* CustomCommentCell.xib */; };
		A88CD0131FCD0FEC00BC93AE /* FirstProfileCell.swift in Sources */ = {isa = PBXBuildFile; fileRef = A88CD0121FCD0FEC00BC93AE /* FirstProfileCell.swift */; };
		A88CD0151FCD101700BC93AE /* FirstProfileCell.xib in Resources */ = {isa = PBXBuildFile; fileRef = A88CD0141FCD101700BC93AE /* FirstProfileCell.xib */; };
		A8C50F2F1FC6D59C00F3E9EB /* ProfileTableViewController.swift in Sources */ = {isa = PBXBuildFile; fileRef = A8C50F2E1FC6D59C00F3E9EB /* ProfileTableViewController.swift */; };
		A8C50F321FC7B2DD00F3E9EB /* EditProfileTableViewController.swift in Sources */ = {isa = PBXBuildFile; fileRef = A8C50F311FC7B2DD00F3E9EB /* EditProfileTableViewController.swift */; };
		A8C50F341FC7C40700F3E9EB /* BaseViewController.swift in Sources */ = {isa = PBXBuildFile; fileRef = A8C50F331FC7C40700F3E9EB /* BaseViewController.swift */; };
		A8C50F3A1FC7F47800F3E9EB /* Extension.swift in Sources */ = {isa = PBXBuildFile; fileRef = A8C50F391FC7F47800F3E9EB /* Extension.swift */; };
		A8C50F3C1FC7F50000F3E9EB /* UIViewController.swift in Sources */ = {isa = PBXBuildFile; fileRef = A8C50F3B1FC7F50000F3E9EB /* UIViewController.swift */; };
		A8C50F3E1FC7F7FB00F3E9EB /* User.swift in Sources */ = {isa = PBXBuildFile; fileRef = A8C50F3D1FC7F7FB00F3E9EB /* User.swift */; };
		A8D91F961FD4F162002A153D /* TimelineCommentContainerView.swift in Sources */ = {isa = PBXBuildFile; fileRef = A8D91F951FD4F162002A153D /* TimelineCommentContainerView.swift */; };
		A8DA8A631FCCFC8F000F18D8 /* CustomButtonUpdateStatus.swift in Sources */ = {isa = PBXBuildFile; fileRef = A8DA8A5E1FCCFC8E000F18D8 /* CustomButtonUpdateStatus.swift */; };
		A8DA8A641FCCFC8F000F18D8 /* CustomLabelAddPhoto.swift in Sources */ = {isa = PBXBuildFile; fileRef = A8DA8A5F1FCCFC8E000F18D8 /* CustomLabelAddPhoto.swift */; };
		A8DA8A651FCCFC8F000F18D8 /* CustomTextField.swift in Sources */ = {isa = PBXBuildFile; fileRef = A8DA8A601FCCFC8E000F18D8 /* CustomTextField.swift */; };
		A8DA8A661FCCFC8F000F18D8 /* CustomButton.swift in Sources */ = {isa = PBXBuildFile; fileRef = A8DA8A611FCCFC8F000F18D8 /* CustomButton.swift */; };
		B73E24EE1FBC37C500F08566 /* BaseNavigationController.swift in Sources */ = {isa = PBXBuildFile; fileRef = B73E24ED1FBC37C500F08566 /* BaseNavigationController.swift */; };
		B73E24F01FBC380700F08566 /* BaseTabbarController.swift in Sources */ = {isa = PBXBuildFile; fileRef = B73E24EF1FBC380700F08566 /* BaseTabbarController.swift */; };
		B75CE9321FC3C899005176A0 /* PostViewController.swift in Sources */ = {isa = PBXBuildFile; fileRef = B75CE9311FC3C899005176A0 /* PostViewController.swift */; };
		B75CE9391FC3E44D005176A0 /* StatusCellItem.swift in Sources */ = {isa = PBXBuildFile; fileRef = B75CE9381FC3E44D005176A0 /* StatusCellItem.swift */; };
		B76B527F1FC2B6D0004583F9 /* TimelineCommentTableViewController.swift in Sources */ = {isa = PBXBuildFile; fileRef = B76B527E1FC2B6D0004583F9 /* TimelineCommentTableViewController.swift */; };
		B7CE165A1FBD82EF0096DD38 /* TimelineTableViewController.swift in Sources */ = {isa = PBXBuildFile; fileRef = B7CE16591FBD82EF0096DD38 /* TimelineTableViewController.swift */; };
		B7D9220A1FB9893F00F52637 /* AppDelegate.swift in Sources */ = {isa = PBXBuildFile; fileRef = B7D922091FB9893F00F52637 /* AppDelegate.swift */; };
		B7D9223E1FB98B9200F52637 /* LogInViewController.swift in Sources */ = {isa = PBXBuildFile; fileRef = B7D9223D1FB98B9200F52637 /* LogInViewController.swift */; };
/* End PBXBuildFile section */

/* Begin PBXFileReference section */
		05B69172981CBCD95A972C72 /* Pods-iOSTranning112017Tests.release.xcconfig */ = {isa = PBXFileReference; includeInIndex = 1; lastKnownFileType = text.xcconfig; name = "Pods-iOSTranning112017Tests.release.xcconfig"; path = "Pods/Target Support Files/Pods-iOSTranning112017Tests/Pods-iOSTranning112017Tests.release.xcconfig"; sourceTree = "<group>"; };
		1B54C2786ED2542056CE21F7 /* Pods-iOSTranning112017.debug.xcconfig */ = {isa = PBXFileReference; includeInIndex = 1; lastKnownFileType = text.xcconfig; name = "Pods-iOSTranning112017.debug.xcconfig"; path = "Pods/Target Support Files/Pods-iOSTranning112017/Pods-iOSTranning112017.debug.xcconfig"; sourceTree = "<group>"; };
		3799BE681B29C1AE588EE858 /* Pods_iOSTranning112017Tests.framework */ = {isa = PBXFileReference; explicitFileType = wrapper.framework; includeInIndex = 0; path = Pods_iOSTranning112017Tests.framework; sourceTree = BUILT_PRODUCTS_DIR; };
		482DABB5D634496773CD2B3E /* Pods_iOSTranning112017UITests.framework */ = {isa = PBXFileReference; explicitFileType = wrapper.framework; includeInIndex = 0; path = Pods_iOSTranning112017UITests.framework; sourceTree = BUILT_PRODUCTS_DIR; };
		8BECBB7F6368E13B0B0921E9 /* Pods-iOSTranning112017.release.xcconfig */ = {isa = PBXFileReference; includeInIndex = 1; lastKnownFileType = text.xcconfig; name = "Pods-iOSTranning112017.release.xcconfig"; path = "Pods/Target Support Files/Pods-iOSTranning112017/Pods-iOSTranning112017.release.xcconfig"; sourceTree = "<group>"; };
		A823122D1FBA740900193D97 /* SignUpViewController.swift */ = {isa = PBXFileReference; lastKnownFileType = sourcecode.swift; path = SignUpViewController.swift; sourceTree = "<group>"; };
		A82312301FBA800A00193D97 /* HelveticaNeueLTPro-Lt.otf */ = {isa = PBXFileReference; lastKnownFileType = file; path = "HelveticaNeueLTPro-Lt.otf"; sourceTree = "<group>"; };
		A82312341FBA817C00193D97 /* HelveticaNeueLTPro-Th.otf */ = {isa = PBXFileReference; lastKnownFileType = file; path = "HelveticaNeueLTPro-Th.otf"; sourceTree = "<group>"; };
		A88672751FCEBEAA004AE90A /* Assets.xcassets */ = {isa = PBXFileReference; lastKnownFileType = folder.assetcatalog; path = Assets.xcassets; sourceTree = "<group>"; };
		A88CCFF61FCD08E500BC93AE /* FirstTimelineTableViewCell.swift */ = {isa = PBXFileReference; lastKnownFileType = sourcecode.swift; path = FirstTimelineTableViewCell.swift; sourceTree = "<group>"; };
		A88CCFFA1FCD0A9600BC93AE /* Login.storyboard */ = {isa = PBXFileReference; lastKnownFileType = file.storyboard; path = Login.storyboard; sourceTree = "<group>"; };
		A88CCFFC1FCD0B3A00BC93AE /* Timeline.storyboard */ = {isa = PBXFileReference; lastKnownFileType = file.storyboard; path = Timeline.storyboard; sourceTree = "<group>"; };
		A88CD0021FCD0DDC00BC93AE /* FirstTimelineTableViewCell.xib */ = {isa = PBXFileReference; lastKnownFileType = file.xib; path = FirstTimelineTableViewCell.xib; sourceTree = "<group>"; };
		A88CD0041FCD0E2100BC93AE /* CustomSearchBar.swift */ = {isa = PBXFileReference; lastKnownFileType = sourcecode.swift; path = CustomSearchBar.swift; sourceTree = "<group>"; };
		A88CD0061FCD0E9000BC93AE /* TimeLineTableViewCell.swift */ = {isa = PBXFileReference; lastKnownFileType = sourcecode.swift; path = TimeLineTableViewCell.swift; sourceTree = "<group>"; };
		A88CD0081FCD0EB400BC93AE /* TimeLineTableViewCell.xib */ = {isa = PBXFileReference; lastKnownFileType = file.xib; path = TimeLineTableViewCell.xib; sourceTree = "<group>"; };
		A88CD00A1FCD0F3200BC93AE /* FirstCommentTableViewCell.swift */ = {isa = PBXFileReference; lastKnownFileType = sourcecode.swift; path = FirstCommentTableViewCell.swift; sourceTree = "<group>"; };
		A88CD00B1FCD0F3200BC93AE /* FirstCommentTableViewCell.xib */ = {isa = PBXFileReference; lastKnownFileType = file.xib; path = FirstCommentTableViewCell.xib; sourceTree = "<group>"; };
		A88CD00E1FCD0F7500BC93AE /* CustomCommentCell.swift */ = {isa = PBXFileReference; lastKnownFileType = sourcecode.swift; path = CustomCommentCell.swift; sourceTree = "<group>"; };
		A88CD0101FCD0F9A00BC93AE /* CustomCommentCell.xib */ = {isa = PBXFileReference; lastKnownFileType = file.xib; path = CustomCommentCell.xib; sourceTree = "<group>"; };
		A88CD0121FCD0FEC00BC93AE /* FirstProfileCell.swift */ = {isa = PBXFileReference; lastKnownFileType = sourcecode.swift; path = FirstProfileCell.swift; sourceTree = "<group>"; };
		A88CD0141FCD101700BC93AE /* FirstProfileCell.xib */ = {isa = PBXFileReference; lastKnownFileType = file.xib; path = FirstProfileCell.xib; sourceTree = "<group>"; };
		A8C50F2E1FC6D59C00F3E9EB /* ProfileTableViewController.swift */ = {isa = PBXFileReference; lastKnownFileType = sourcecode.swift; path = ProfileTableViewController.swift; sourceTree = "<group>"; };
		A8C50F311FC7B2DD00F3E9EB /* EditProfileTableViewController.swift */ = {isa = PBXFileReference; lastKnownFileType = sourcecode.swift; path = EditProfileTableViewController.swift; sourceTree = "<group>"; };
		A8C50F331FC7C40700F3E9EB /* BaseViewController.swift */ = {isa = PBXFileReference; fileEncoding = 4; lastKnownFileType = sourcecode.swift; path = BaseViewController.swift; sourceTree = "<group>"; };
		A8C50F391FC7F47800F3E9EB /* Extension.swift */ = {isa = PBXFileReference; lastKnownFileType = sourcecode.swift; path = Extension.swift; sourceTree = "<group>"; };
		A8C50F3B1FC7F50000F3E9EB /* UIViewController.swift */ = {isa = PBXFileReference; lastKnownFileType = sourcecode.swift; path = UIViewController.swift; sourceTree = "<group>"; };
		A8C50F3D1FC7F7FB00F3E9EB /* User.swift */ = {isa = PBXFileReference; lastKnownFileType = sourcecode.swift; path = User.swift; sourceTree = "<group>"; };
		A8D91F951FD4F162002A153D /* TimelineCommentContainerView.swift */ = {isa = PBXFileReference; lastKnownFileType = sourcecode.swift; path = TimelineCommentContainerView.swift; sourceTree = "<group>"; };
		A8DA8A5E1FCCFC8E000F18D8 /* CustomButtonUpdateStatus.swift */ = {isa = PBXFileReference; fileEncoding = 4; lastKnownFileType = sourcecode.swift; path = CustomButtonUpdateStatus.swift; sourceTree = "<group>"; };
		A8DA8A5F1FCCFC8E000F18D8 /* CustomLabelAddPhoto.swift */ = {isa = PBXFileReference; fileEncoding = 4; lastKnownFileType = sourcecode.swift; path = CustomLabelAddPhoto.swift; sourceTree = "<group>"; };
		A8DA8A601FCCFC8E000F18D8 /* CustomTextField.swift */ = {isa = PBXFileReference; fileEncoding = 4; lastKnownFileType = sourcecode.swift; path = CustomTextField.swift; sourceTree = "<group>"; };
		A8DA8A611FCCFC8F000F18D8 /* CustomButton.swift */ = {isa = PBXFileReference; fileEncoding = 4; lastKnownFileType = sourcecode.swift; path = CustomButton.swift; sourceTree = "<group>"; };
		B140E66A1F1F2F874FE6FB52 /* Pods_iOSTranning112017.framework */ = {isa = PBXFileReference; explicitFileType = wrapper.framework; includeInIndex = 0; path = Pods_iOSTranning112017.framework; sourceTree = BUILT_PRODUCTS_DIR; };
		B73E24ED1FBC37C500F08566 /* BaseNavigationController.swift */ = {isa = PBXFileReference; lastKnownFileType = sourcecode.swift; path = BaseNavigationController.swift; sourceTree = "<group>"; };
		B73E24EF1FBC380700F08566 /* BaseTabbarController.swift */ = {isa = PBXFileReference; lastKnownFileType = sourcecode.swift; path = BaseTabbarController.swift; sourceTree = "<group>"; };
		B75CE9311FC3C899005176A0 /* PostViewController.swift */ = {isa = PBXFileReference; lastKnownFileType = sourcecode.swift; path = PostViewController.swift; sourceTree = "<group>"; };
		B75CE9381FC3E44D005176A0 /* StatusCellItem.swift */ = {isa = PBXFileReference; lastKnownFileType = sourcecode.swift; path = StatusCellItem.swift; sourceTree = "<group>"; };
		B76B527E1FC2B6D0004583F9 /* TimelineCommentTableViewController.swift */ = {isa = PBXFileReference; lastKnownFileType = sourcecode.swift; path = TimelineCommentTableViewController.swift; sourceTree = "<group>"; };
		B7CE16591FBD82EF0096DD38 /* TimelineTableViewController.swift */ = {isa = PBXFileReference; lastKnownFileType = sourcecode.swift; path = TimelineTableViewController.swift; sourceTree = "<group>"; };
		B7D922061FB9893F00F52637 /* iOSTranning112017.app */ = {isa = PBXFileReference; explicitFileType = wrapper.application; includeInIndex = 0; path = iOSTranning112017.app; sourceTree = BUILT_PRODUCTS_DIR; };
		B7D922091FB9893F00F52637 /* AppDelegate.swift */ = {isa = PBXFileReference; lastKnownFileType = sourcecode.swift; path = AppDelegate.swift; sourceTree = "<group>"; };
		B7D922161FB9893F00F52637 /* Base */ = {isa = PBXFileReference; lastKnownFileType = file.storyboard; name = Base; path = Base.lproj/LaunchScreen.storyboard; sourceTree = "<group>"; };
		B7D922181FB9893F00F52637 /* Info.plist */ = {isa = PBXFileReference; lastKnownFileType = text.plist.xml; path = Info.plist; sourceTree = "<group>"; };
		B7D922211FB9893F00F52637 /* iOSTranning112017Tests.swift */ = {isa = PBXFileReference; lastKnownFileType = sourcecode.swift; path = iOSTranning112017Tests.swift; sourceTree = "<group>"; };
		B7D922231FB9893F00F52637 /* Info.plist */ = {isa = PBXFileReference; lastKnownFileType = text.plist.xml; path = Info.plist; sourceTree = "<group>"; };
		B7D9222C1FB9893F00F52637 /* iOSTranning112017UITests.swift */ = {isa = PBXFileReference; lastKnownFileType = sourcecode.swift; path = iOSTranning112017UITests.swift; sourceTree = "<group>"; };
		B7D9222E1FB9893F00F52637 /* Info.plist */ = {isa = PBXFileReference; lastKnownFileType = text.plist.xml; path = Info.plist; sourceTree = "<group>"; };
		B7D9223D1FB98B9200F52637 /* LogInViewController.swift */ = {isa = PBXFileReference; lastKnownFileType = sourcecode.swift; path = LogInViewController.swift; sourceTree = "<group>"; };
		CABA3CB1274B38862000298D /* Pods-iOSTranning112017UITests.debug.xcconfig */ = {isa = PBXFileReference; includeInIndex = 1; lastKnownFileType = text.xcconfig; name = "Pods-iOSTranning112017UITests.debug.xcconfig"; path = "Pods/Target Support Files/Pods-iOSTranning112017UITests/Pods-iOSTranning112017UITests.debug.xcconfig"; sourceTree = "<group>"; };
		D25F59D608FE22D0ED3CF782 /* Pods-iOSTranning112017UITests.release.xcconfig */ = {isa = PBXFileReference; includeInIndex = 1; lastKnownFileType = text.xcconfig; name = "Pods-iOSTranning112017UITests.release.xcconfig"; path = "Pods/Target Support Files/Pods-iOSTranning112017UITests/Pods-iOSTranning112017UITests.release.xcconfig"; sourceTree = "<group>"; };
		FF6334F33E4F8A0D8D729989 /* Pods-iOSTranning112017Tests.debug.xcconfig */ = {isa = PBXFileReference; includeInIndex = 1; lastKnownFileType = text.xcconfig; name = "Pods-iOSTranning112017Tests.debug.xcconfig"; path = "Pods/Target Support Files/Pods-iOSTranning112017Tests/Pods-iOSTranning112017Tests.debug.xcconfig"; sourceTree = "<group>"; };
/* End PBXFileReference section */

/* Begin PBXFrameworksBuildPhase section */
		B7D922031FB9893F00F52637 /* Frameworks */ = {
			isa = PBXFrameworksBuildPhase;
			buildActionMask = 2147483647;
			files = (
				7B0398E47B904B4271EBB7B3 /* Pods_iOSTranning112017.framework in Frameworks */,
			);
			runOnlyForDeploymentPostprocessing = 0;
		};
/* End PBXFrameworksBuildPhase section */

/* Begin PBXGroup section */
		1F9298BE758023433121BDA4 /* Frameworks */ = {
			isa = PBXGroup;
			children = (
				B140E66A1F1F2F874FE6FB52 /* Pods_iOSTranning112017.framework */,
				3799BE681B29C1AE588EE858 /* Pods_iOSTranning112017Tests.framework */,
				482DABB5D634496773CD2B3E /* Pods_iOSTranning112017UITests.framework */,
			);
			name = Frameworks;
			sourceTree = "<group>";
		};
		A823122F1FBA7FEC00193D97 /* CustomFont */ = {
			isa = PBXGroup;
			children = (
				A82312301FBA800A00193D97 /* HelveticaNeueLTPro-Lt.otf */,
				A82312341FBA817C00193D97 /* HelveticaNeueLTPro-Th.otf */,
			);
			path = CustomFont;
			sourceTree = "<group>";
		};
		A85021981FC5887500156030 /* CustomCell */ = {
			isa = PBXGroup;
			children = (
				A8C50F291FC6C45200F3E9EB /* FirstProfileCell */,
				A88B68651FC6AD320020B7F9 /* FirstCommentCell */,
				A88B685E1FC65F850020B7F9 /* FirstTimelineCell */,
				A85021A41FC598E100156030 /* CustomCommentCell */,
				A85021A31FC598B000156030 /* CustomStatusTimelineCell */,
			);
			path = CustomCell;
			sourceTree = "<group>";
		};
		A850219F1FC58FD300156030 /* Login */ = {
			isa = PBXGroup;
			children = (
				B7D9223D1FB98B9200F52637 /* LogInViewController.swift */,
				A823122D1FBA740900193D97 /* SignUpViewController.swift */,
			);
			path = Login;
			sourceTree = "<group>";
		};
		A85021A01FC58FE300156030 /* Timeline */ = {
			isa = PBXGroup;
			children = (
				A8D91F951FD4F162002A153D /* TimelineCommentContainerView.swift */,
				B7CE16591FBD82EF0096DD38 /* TimelineTableViewController.swift */,
				B76B527E1FC2B6D0004583F9 /* TimelineCommentTableViewController.swift */,
				B75CE9311FC3C899005176A0 /* PostViewController.swift */,
				A8C50F2E1FC6D59C00F3E9EB /* ProfileTableViewController.swift */,
				A8C50F311FC7B2DD00F3E9EB /* EditProfileTableViewController.swift */,
			);
			path = Timeline;
			sourceTree = "<group>";
		};
		A85021A31FC598B000156030 /* CustomStatusTimelineCell */ = {
			isa = PBXGroup;
			children = (
				A88CD0061FCD0E9000BC93AE /* TimeLineTableViewCell.swift */,
				A88CD0081FCD0EB400BC93AE /* TimeLineTableViewCell.xib */,
			);
			path = CustomStatusTimelineCell;
			sourceTree = "<group>";
		};
		A85021A41FC598E100156030 /* CustomCommentCell */ = {
			isa = PBXGroup;
			children = (
				A88CD00E1FCD0F7500BC93AE /* CustomCommentCell.swift */,
				A88CD0101FCD0F9A00BC93AE /* CustomCommentCell.xib */,
			);
			path = CustomCommentCell;
			sourceTree = "<group>";
		};
		A88B685E1FC65F850020B7F9 /* FirstTimelineCell */ = {
			isa = PBXGroup;
			children = (
				A88CCFF61FCD08E500BC93AE /* FirstTimelineTableViewCell.swift */,
				A88CD0021FCD0DDC00BC93AE /* FirstTimelineTableViewCell.xib */,
			);
			path = FirstTimelineCell;
			sourceTree = "<group>";
		};
		A88B68651FC6AD320020B7F9 /* FirstCommentCell */ = {
			isa = PBXGroup;
			children = (
				A88CD00A1FCD0F3200BC93AE /* FirstCommentTableViewCell.swift */,
				A88CD00B1FCD0F3200BC93AE /* FirstCommentTableViewCell.xib */,
			);
			path = FirstCommentCell;
			sourceTree = "<group>";
		};
		A8C50F291FC6C45200F3E9EB /* FirstProfileCell */ = {
			isa = PBXGroup;
			children = (
				A88CD0121FCD0FEC00BC93AE /* FirstProfileCell.swift */,
				A88CD0141FCD101700BC93AE /* FirstProfileCell.xib */,
			);
			path = FirstProfileCell;
			sourceTree = "<group>";
		};
		A8C50F371FC7F45200F3E9EB /* Helper */ = {
			isa = PBXGroup;
			children = (
				B7D9223F1FB9919E00F52637 /* Custom */,
				A8C50F381FC7F45F00F3E9EB /* Extension */,
			);
			path = Helper;
			sourceTree = "<group>";
		};
		A8C50F381FC7F45F00F3E9EB /* Extension */ = {
			isa = PBXGroup;
			children = (
				A8C50F391FC7F47800F3E9EB /* Extension.swift */,
				A8C50F3B1FC7F50000F3E9EB /* UIViewController.swift */,
			);
			path = Extension;
			sourceTree = "<group>";
		};
		A8DA8A5D1FCCFC80000F18D8 /* CustomUI */ = {
			isa = PBXGroup;
			children = (
				A8DA8A611FCCFC8F000F18D8 /* CustomButton.swift */,
				A8DA8A5E1FCCFC8E000F18D8 /* CustomButtonUpdateStatus.swift */,
				A8DA8A5F1FCCFC8E000F18D8 /* CustomLabelAddPhoto.swift */,
				A8DA8A601FCCFC8E000F18D8 /* CustomTextField.swift */,
				A88CD0041FCD0E2100BC93AE /* CustomSearchBar.swift */,
			);
			path = CustomUI;
			sourceTree = "<group>";
		};
		B73E24F11FBC3DB000F08566 /* BaseController */ = {
			isa = PBXGroup;
			children = (
				B73E24ED1FBC37C500F08566 /* BaseNavigationController.swift */,
				B73E24EF1FBC380700F08566 /* BaseTabbarController.swift */,
				A8C50F331FC7C40700F3E9EB /* BaseViewController.swift */,
			);
			path = BaseController;
			sourceTree = "<group>";
		};
		B75CE9301FC3B62A005176A0 /* StoryBoard */ = {
			isa = PBXGroup;
			children = (
				B7D922151FB9893F00F52637 /* LaunchScreen.storyboard */,
				A88CCFFA1FCD0A9600BC93AE /* Login.storyboard */,
				A88CCFFC1FCD0B3A00BC93AE /* Timeline.storyboard */,
			);
			path = StoryBoard;
			sourceTree = "<group>";
		};
		B75CE9371FC3E3AB005176A0 /* Model */ = {
			isa = PBXGroup;
			children = (
				B75CE9381FC3E44D005176A0 /* StatusCellItem.swift */,
				A8C50F3D1FC7F7FB00F3E9EB /* User.swift */,
			);
			path = Model;
			sourceTree = "<group>";
		};
		B7D921FD1FB9893F00F52637 = {
			isa = PBXGroup;
			children = (
				B7D922081FB9893F00F52637 /* iOSTranning112017 */,
				B7D922201FB9893F00F52637 /* iOSTranning112017Tests */,
				B7D9222B1FB9893F00F52637 /* iOSTranning112017UITests */,
				B7D922071FB9893F00F52637 /* Products */,
				F4E8C7884CF49D678EE5BE24 /* Pods */,
				1F9298BE758023433121BDA4 /* Frameworks */,
			);
			sourceTree = "<group>";
		};
		B7D922071FB9893F00F52637 /* Products */ = {
			isa = PBXGroup;
			children = (
				B7D922061FB9893F00F52637 /* iOSTranning112017.app */,
			);
			name = Products;
			sourceTree = "<group>";
		};
		B7D922081FB9893F00F52637 /* iOSTranning112017 */ = {
			isa = PBXGroup;
			children = (
				A8C50F371FC7F45200F3E9EB /* Helper */,
				B75CE9371FC3E3AB005176A0 /* Model */,
				B75CE9301FC3B62A005176A0 /* StoryBoard */,
				B73E24F11FBC3DB000F08566 /* BaseController */,
				B7D9223A1FB98A4B00F52637 /* Controllers */,
				B7D922091FB9893F00F52637 /* AppDelegate.swift */,
				A88672751FCEBEAA004AE90A /* Assets.xcassets */,
				B7D922181FB9893F00F52637 /* Info.plist */,
			);
			path = iOSTranning112017;
			sourceTree = "<group>";
		};
		B7D922201FB9893F00F52637 /* iOSTranning112017Tests */ = {
			isa = PBXGroup;
			children = (
				B7D922211FB9893F00F52637 /* iOSTranning112017Tests.swift */,
				B7D922231FB9893F00F52637 /* Info.plist */,
			);
			path = iOSTranning112017Tests;
			sourceTree = "<group>";
		};
		B7D9222B1FB9893F00F52637 /* iOSTranning112017UITests */ = {
			isa = PBXGroup;
			children = (
				B7D9222C1FB9893F00F52637 /* iOSTranning112017UITests.swift */,
				B7D9222E1FB9893F00F52637 /* Info.plist */,
			);
			path = iOSTranning112017UITests;
			sourceTree = "<group>";
		};
		B7D9223A1FB98A4B00F52637 /* Controllers */ = {
			isa = PBXGroup;
			children = (
				A85021A01FC58FE300156030 /* Timeline */,
				A850219F1FC58FD300156030 /* Login */,
			);
			path = Controllers;
			sourceTree = "<group>";
		};
		B7D9223F1FB9919E00F52637 /* Custom */ = {
			isa = PBXGroup;
			children = (
				A8DA8A5D1FCCFC80000F18D8 /* CustomUI */,
				A823122F1FBA7FEC00193D97 /* CustomFont */,
				A85021981FC5887500156030 /* CustomCell */,
			);
			path = Custom;
			sourceTree = "<group>";
		};
		F4E8C7884CF49D678EE5BE24 /* Pods */ = {
			isa = PBXGroup;
			children = (
				1B54C2786ED2542056CE21F7 /* Pods-iOSTranning112017.debug.xcconfig */,
				8BECBB7F6368E13B0B0921E9 /* Pods-iOSTranning112017.release.xcconfig */,
				FF6334F33E4F8A0D8D729989 /* Pods-iOSTranning112017Tests.debug.xcconfig */,
				05B69172981CBCD95A972C72 /* Pods-iOSTranning112017Tests.release.xcconfig */,
				CABA3CB1274B38862000298D /* Pods-iOSTranning112017UITests.debug.xcconfig */,
				D25F59D608FE22D0ED3CF782 /* Pods-iOSTranning112017UITests.release.xcconfig */,
			);
			name = Pods;
			sourceTree = "<group>";
		};
/* End PBXGroup section */

/* Begin PBXNativeTarget section */
		B7D922051FB9893F00F52637 /* iOSTranning112017 */ = {
			isa = PBXNativeTarget;
			buildConfigurationList = B7D922311FB9893F00F52637 /* Build configuration list for PBXNativeTarget "iOSTranning112017" */;
			buildPhases = (
				15AB938EE2B0CB1BD140BE95 /* [CP] Check Pods Manifest.lock */,
				B7D922021FB9893F00F52637 /* Sources */,
				B7D922031FB9893F00F52637 /* Frameworks */,
				B7D922041FB9893F00F52637 /* Resources */,
				70CCCD66B14010DDDA6014F7 /* [CP] Embed Pods Frameworks */,
				F933C82DFC39ED625AA4A9AE /* [CP] Copy Pods Resources */,
				B780D19C1FBEE09600A05272 /* ShellScript */,
			);
			buildRules = (
			);
			dependencies = (
			);
			name = iOSTranning112017;
			productName = iOSTranning112017;
			productReference = B7D922061FB9893F00F52637 /* iOSTranning112017.app */;
			productType = "com.apple.product-type.application";
		};
/* End PBXNativeTarget section */

/* Begin PBXProject section */
		B7D921FE1FB9893F00F52637 /* Project object */ = {
			isa = PBXProject;
			attributes = {
				LastSwiftUpdateCheck = 0910;
				LastUpgradeCheck = 0910;
				ORGANIZATIONNAME = nguyen.phuc.khanh;
				TargetAttributes = {
					B7D922051FB9893F00F52637 = {
						CreatedOnToolsVersion = 9.1;
						ProvisioningStyle = Automatic;
					};
				};
			};
			buildConfigurationList = B7D922011FB9893F00F52637 /* Build configuration list for PBXProject "iOSTranning112017" */;
			compatibilityVersion = "Xcode 8.0";
			developmentRegion = en;
			hasScannedForEncodings = 0;
			knownRegions = (
				en,
				Base,
			);
			mainGroup = B7D921FD1FB9893F00F52637;
			productRefGroup = B7D922071FB9893F00F52637 /* Products */;
			projectDirPath = "";
			projectRoot = "";
			targets = (
				B7D922051FB9893F00F52637 /* iOSTranning112017 */,
			);
		};
/* End PBXProject section */

/* Begin PBXResourcesBuildPhase section */
		B7D922041FB9893F00F52637 /* Resources */ = {
			isa = PBXResourcesBuildPhase;
			buildActionMask = 2147483647;
			files = (
				A88CD0091FCD0EB400BC93AE /* TimeLineTableViewCell.xib in Resources */,
				A88CD00D1FCD0F3200BC93AE /* FirstCommentTableViewCell.xib in Resources */,
				A88CCFFB1FCD0A9600BC93AE /* Login.storyboard in Resources */,
				A88CCFFD1FCD0B3A00BC93AE /* Timeline.storyboard in Resources */,
				A88CD0111FCD0F9A00BC93AE /* CustomCommentCell.xib in Resources */,
				A88CD0031FCD0DDC00BC93AE /* FirstTimelineTableViewCell.xib in Resources */,
				A88672761FCEBEAB004AE90A /* Assets.xcassets in Resources */,
				A88CD0151FCD101700BC93AE /* FirstProfileCell.xib in Resources */,
			);
			runOnlyForDeploymentPostprocessing = 0;
		};
/* End PBXResourcesBuildPhase section */

/* Begin PBXShellScriptBuildPhase section */
		15AB938EE2B0CB1BD140BE95 /* [CP] Check Pods Manifest.lock */ = {
			isa = PBXShellScriptBuildPhase;
			buildActionMask = 2147483647;
			files = (
			);
			inputPaths = (
				"${PODS_PODFILE_DIR_PATH}/Podfile.lock",
				"${PODS_ROOT}/Manifest.lock",
			);
			name = "[CP] Check Pods Manifest.lock";
			outputPaths = (
				"$(DERIVED_FILE_DIR)/Pods-iOSTranning112017-checkManifestLockResult.txt",
			);
			runOnlyForDeploymentPostprocessing = 0;
			shellPath = /bin/sh;
			shellScript = "diff \"${PODS_PODFILE_DIR_PATH}/Podfile.lock\" \"${PODS_ROOT}/Manifest.lock\" > /dev/null\nif [ $? != 0 ] ; then\n    # print error to STDERR\n    echo \"error: The sandbox is not in sync with the Podfile.lock. Run 'pod install' or update your CocoaPods installation.\" >&2\n    exit 1\nfi\n# This output is used by Xcode 'outputs' to avoid re-running this script phase.\necho \"SUCCESS\" > \"${SCRIPT_OUTPUT_FILE_0}\"\n";
			showEnvVarsInLog = 0;
		};
		70CCCD66B14010DDDA6014F7 /* [CP] Embed Pods Frameworks */ = {
			isa = PBXShellScriptBuildPhase;
			buildActionMask = 2147483647;
			files = (
			);
			inputPaths = (
				"${SRCROOT}/Pods/Target Support Files/Pods-iOSTranning112017/Pods-iOSTranning112017-frameworks.sh",
				"${BUILT_PRODUCTS_DIR}/IQKeyboardManagerSwift/IQKeyboardManagerSwift.framework",
			);
			name = "[CP] Embed Pods Frameworks";
			outputPaths = (
				"${TARGET_BUILD_DIR}/${FRAMEWORKS_FOLDER_PATH}/IQKeyboardManagerSwift.framework",
			);
			runOnlyForDeploymentPostprocessing = 0;
			shellPath = /bin/sh;
			shellScript = "\"${SRCROOT}/Pods/Target Support Files/Pods-iOSTranning112017/Pods-iOSTranning112017-frameworks.sh\"\n";
			showEnvVarsInLog = 0;
		};
		B780D19C1FBEE09600A05272 /* ShellScript */ = {
			isa = PBXShellScriptBuildPhase;
			buildActionMask = 2147483647;
			files = (
			);
			inputPaths = (
			);
			outputPaths = (
			);
			runOnlyForDeploymentPostprocessing = 0;
			shellPath = /bin/sh;
			shellScript = "if which swiftlint >/dev/null; then\nswiftlint\nelse\necho \"warning: SwiftLint not installed, download from https://github.com/realm/SwiftLint\"\nfi";
		};
		F933C82DFC39ED625AA4A9AE /* [CP] Copy Pods Resources */ = {
			isa = PBXShellScriptBuildPhase;
			buildActionMask = 2147483647;
			files = (
			);
			inputPaths = (
			);
			name = "[CP] Copy Pods Resources";
			outputPaths = (
			);
			runOnlyForDeploymentPostprocessing = 0;
			shellPath = /bin/sh;
			shellScript = "\"${SRCROOT}/Pods/Target Support Files/Pods-iOSTranning112017/Pods-iOSTranning112017-resources.sh\"\n";
			showEnvVarsInLog = 0;
		};
/* End PBXShellScriptBuildPhase section */

/* Begin PBXSourcesBuildPhase section */
		B7D922021FB9893F00F52637 /* Sources */ = {
			isa = PBXSourcesBuildPhase;
			buildActionMask = 2147483647;
			files = (
				A8C50F3E1FC7F7FB00F3E9EB /* User.swift in Sources */,
				A8C50F2F1FC6D59C00F3E9EB /* ProfileTableViewController.swift in Sources */,
				A8DA8A661FCCFC8F000F18D8 /* CustomButton.swift in Sources */,
				A8D91F961FD4F162002A153D /* TimelineCommentContainerView.swift in Sources */,
				A8C50F3C1FC7F50000F3E9EB /* UIViewController.swift in Sources */,
				A88CD0131FCD0FEC00BC93AE /* FirstProfileCell.swift in Sources */,
				A88CD00F1FCD0F7500BC93AE /* CustomCommentCell.swift in Sources */,
				B75CE9321FC3C899005176A0 /* PostViewController.swift in Sources */,
				A88CD0071FCD0E9000BC93AE /* TimeLineTableViewCell.swift in Sources */,
				A8DA8A651FCCFC8F000F18D8 /* CustomTextField.swift in Sources */,
				A88CD0051FCD0E2100BC93AE /* CustomSearchBar.swift in Sources */,
				A8DA8A631FCCFC8F000F18D8 /* CustomButtonUpdateStatus.swift in Sources */,
				B75CE9391FC3E44D005176A0 /* StatusCellItem.swift in Sources */,
				A823122E1FBA740900193D97 /* SignUpViewController.swift in Sources */,
				A8C50F321FC7B2DD00F3E9EB /* EditProfileTableViewController.swift in Sources */,
				A88CD00C1FCD0F3200BC93AE /* FirstCommentTableViewCell.swift in Sources */,
				A88CCFF71FCD08E500BC93AE /* FirstTimelineTableViewCell.swift in Sources */,
				A8C50F341FC7C40700F3E9EB /* BaseViewController.swift in Sources */,
				A8C50F3A1FC7F47800F3E9EB /* Extension.swift in Sources */,
				A8DA8A641FCCFC8F000F18D8 /* CustomLabelAddPhoto.swift in Sources */,
				B7D9223E1FB98B9200F52637 /* LogInViewController.swift in Sources */,
				B76B527F1FC2B6D0004583F9 /* TimelineCommentTableViewController.swift in Sources */,
				B73E24EE1FBC37C500F08566 /* BaseNavigationController.swift in Sources */,
				B7D9220A1FB9893F00F52637 /* AppDelegate.swift in Sources */,
				B73E24F01FBC380700F08566 /* BaseTabbarController.swift in Sources */,
				B7CE165A1FBD82EF0096DD38 /* TimelineTableViewController.swift in Sources */,
			);
			runOnlyForDeploymentPostprocessing = 0;
		};
/* End PBXSourcesBuildPhase section */

/* Begin PBXVariantGroup section */
		B7D922151FB9893F00F52637 /* LaunchScreen.storyboard */ = {
			isa = PBXVariantGroup;
			children = (
				B7D922161FB9893F00F52637 /* Base */,
			);
			name = LaunchScreen.storyboard;
			sourceTree = "<group>";
		};
/* End PBXVariantGroup section */

/* Begin XCBuildConfiguration section */
		B7D9222F1FB9893F00F52637 /* Debug */ = {
			isa = XCBuildConfiguration;
			buildSettings = {
				ALWAYS_SEARCH_USER_PATHS = NO;
				CLANG_ANALYZER_NONNULL = YES;
				CLANG_ANALYZER_NUMBER_OBJECT_CONVERSION = YES_AGGRESSIVE;
				CLANG_CXX_LANGUAGE_STANDARD = "gnu++14";
				CLANG_CXX_LIBRARY = "libc++";
				CLANG_ENABLE_MODULES = YES;
				CLANG_ENABLE_OBJC_ARC = YES;
				CLANG_WARN_BLOCK_CAPTURE_AUTORELEASING = YES;
				CLANG_WARN_BOOL_CONVERSION = YES;
				CLANG_WARN_COMMA = YES;
				CLANG_WARN_CONSTANT_CONVERSION = YES;
				CLANG_WARN_DIRECT_OBJC_ISA_USAGE = YES_ERROR;
				CLANG_WARN_DOCUMENTATION_COMMENTS = YES;
				CLANG_WARN_EMPTY_BODY = YES;
				CLANG_WARN_ENUM_CONVERSION = YES;
				CLANG_WARN_INFINITE_RECURSION = YES;
				CLANG_WARN_INT_CONVERSION = YES;
				CLANG_WARN_NON_LITERAL_NULL_CONVERSION = YES;
				CLANG_WARN_OBJC_LITERAL_CONVERSION = YES;
				CLANG_WARN_OBJC_ROOT_CLASS = YES_ERROR;
				CLANG_WARN_RANGE_LOOP_ANALYSIS = YES;
				CLANG_WARN_STRICT_PROTOTYPES = YES;
				CLANG_WARN_SUSPICIOUS_MOVE = YES;
				CLANG_WARN_UNGUARDED_AVAILABILITY = YES_AGGRESSIVE;
				CLANG_WARN_UNREACHABLE_CODE = YES;
				CLANG_WARN__DUPLICATE_METHOD_MATCH = YES;
				CODE_SIGN_IDENTITY = "iPhone Developer";
				COPY_PHASE_STRIP = NO;
				DEBUG_INFORMATION_FORMAT = dwarf;
				ENABLE_STRICT_OBJC_MSGSEND = YES;
				ENABLE_TESTABILITY = YES;
				GCC_C_LANGUAGE_STANDARD = gnu11;
				GCC_DYNAMIC_NO_PIC = NO;
				GCC_NO_COMMON_BLOCKS = YES;
				GCC_OPTIMIZATION_LEVEL = 0;
				GCC_PREPROCESSOR_DEFINITIONS = (
					"DEBUG=1",
					"$(inherited)",
				);
				GCC_WARN_64_TO_32_BIT_CONVERSION = YES;
				GCC_WARN_ABOUT_RETURN_TYPE = YES_ERROR;
				GCC_WARN_UNDECLARED_SELECTOR = YES;
				GCC_WARN_UNINITIALIZED_AUTOS = YES_AGGRESSIVE;
				GCC_WARN_UNUSED_FUNCTION = YES;
				GCC_WARN_UNUSED_VARIABLE = YES;
				IPHONEOS_DEPLOYMENT_TARGET = 9.2;
				MTL_ENABLE_DEBUG_INFO = YES;
				ONLY_ACTIVE_ARCH = YES;
				SDKROOT = iphoneos;
				SWIFT_ACTIVE_COMPILATION_CONDITIONS = DEBUG;
				SWIFT_OPTIMIZATION_LEVEL = "-Onone";
			};
			name = Debug;
		};
		B7D922301FB9893F00F52637 /* Release */ = {
			isa = XCBuildConfiguration;
			buildSettings = {
				ALWAYS_SEARCH_USER_PATHS = NO;
				CLANG_ANALYZER_NONNULL = YES;
				CLANG_ANALYZER_NUMBER_OBJECT_CONVERSION = YES_AGGRESSIVE;
				CLANG_CXX_LANGUAGE_STANDARD = "gnu++14";
				CLANG_CXX_LIBRARY = "libc++";
				CLANG_ENABLE_MODULES = YES;
				CLANG_ENABLE_OBJC_ARC = YES;
				CLANG_WARN_BLOCK_CAPTURE_AUTORELEASING = YES;
				CLANG_WARN_BOOL_CONVERSION = YES;
				CLANG_WARN_COMMA = YES;
				CLANG_WARN_CONSTANT_CONVERSION = YES;
				CLANG_WARN_DIRECT_OBJC_ISA_USAGE = YES_ERROR;
				CLANG_WARN_DOCUMENTATION_COMMENTS = YES;
				CLANG_WARN_EMPTY_BODY = YES;
				CLANG_WARN_ENUM_CONVERSION = YES;
				CLANG_WARN_INFINITE_RECURSION = YES;
				CLANG_WARN_INT_CONVERSION = YES;
				CLANG_WARN_NON_LITERAL_NULL_CONVERSION = YES;
				CLANG_WARN_OBJC_LITERAL_CONVERSION = YES;
				CLANG_WARN_OBJC_ROOT_CLASS = YES_ERROR;
				CLANG_WARN_RANGE_LOOP_ANALYSIS = YES;
				CLANG_WARN_STRICT_PROTOTYPES = YES;
				CLANG_WARN_SUSPICIOUS_MOVE = YES;
				CLANG_WARN_UNGUARDED_AVAILABILITY = YES_AGGRESSIVE;
				CLANG_WARN_UNREACHABLE_CODE = YES;
				CLANG_WARN__DUPLICATE_METHOD_MATCH = YES;
				CODE_SIGN_IDENTITY = "iPhone Developer";
				COPY_PHASE_STRIP = NO;
				DEBUG_INFORMATION_FORMAT = "dwarf-with-dsym";
				ENABLE_NS_ASSERTIONS = NO;
				ENABLE_STRICT_OBJC_MSGSEND = YES;
				GCC_C_LANGUAGE_STANDARD = gnu11;
				GCC_NO_COMMON_BLOCKS = YES;
				GCC_WARN_64_TO_32_BIT_CONVERSION = YES;
				GCC_WARN_ABOUT_RETURN_TYPE = YES_ERROR;
				GCC_WARN_UNDECLARED_SELECTOR = YES;
				GCC_WARN_UNINITIALIZED_AUTOS = YES_AGGRESSIVE;
				GCC_WARN_UNUSED_FUNCTION = YES;
				GCC_WARN_UNUSED_VARIABLE = YES;
				IPHONEOS_DEPLOYMENT_TARGET = 9.2;
				MTL_ENABLE_DEBUG_INFO = NO;
				SDKROOT = iphoneos;
				SWIFT_OPTIMIZATION_LEVEL = "-Owholemodule";
				VALIDATE_PRODUCT = YES;
			};
			name = Release;
		};
		B7D922321FB9893F00F52637 /* Debug */ = {
			isa = XCBuildConfiguration;
			baseConfigurationReference = 1B54C2786ED2542056CE21F7 /* Pods-iOSTranning112017.debug.xcconfig */;
			buildSettings = {
				ASSETCATALOG_COMPILER_APPICON_NAME = AppIcon;
				CODE_SIGN_STYLE = Automatic;
				DEVELOPMENT_TEAM = F94MFTWE9Q;
				INFOPLIST_FILE = iOSTranning112017/Info.plist;
				IPHONEOS_DEPLOYMENT_TARGET = 9.2;
				LD_RUNPATH_SEARCH_PATHS = "$(inherited) @executable_path/Frameworks";
				PRODUCT_BUNDLE_IDENTIFIER = nguyen.phuc.khanh.iOSTranning112017;
				PRODUCT_NAME = "$(TARGET_NAME)";
				SWIFT_VERSION = 4.0;
				TARGETED_DEVICE_FAMILY = 1;
			};
			name = Debug;
		};
		B7D922331FB9893F00F52637 /* Release */ = {
			isa = XCBuildConfiguration;
			baseConfigurationReference = 8BECBB7F6368E13B0B0921E9 /* Pods-iOSTranning112017.release.xcconfig */;
			buildSettings = {
				ASSETCATALOG_COMPILER_APPICON_NAME = AppIcon;
				CODE_SIGN_STYLE = Automatic;
				DEVELOPMENT_TEAM = F94MFTWE9Q;
				INFOPLIST_FILE = iOSTranning112017/Info.plist;
				IPHONEOS_DEPLOYMENT_TARGET = 9.2;
				LD_RUNPATH_SEARCH_PATHS = "$(inherited) @executable_path/Frameworks";
				PRODUCT_BUNDLE_IDENTIFIER = nguyen.phuc.khanh.iOSTranning112017;
				PRODUCT_NAME = "$(TARGET_NAME)";
				SWIFT_VERSION = 4.0;
				TARGETED_DEVICE_FAMILY = 1;
			};
			name = Release;
		};
/* End XCBuildConfiguration section */

/* Begin XCConfigurationList section */
		B7D922011FB9893F00F52637 /* Build configuration list for PBXProject "iOSTranning112017" */ = {
			isa = XCConfigurationList;
			buildConfigurations = (
				B7D9222F1FB9893F00F52637 /* Debug */,
				B7D922301FB9893F00F52637 /* Release */,
			);
			defaultConfigurationIsVisible = 0;
			defaultConfigurationName = Release;
		};
		B7D922311FB9893F00F52637 /* Build configuration list for PBXNativeTarget "iOSTranning112017" */ = {
			isa = XCConfigurationList;
			buildConfigurations = (
				B7D922321FB9893F00F52637 /* Debug */,
				B7D922331FB9893F00F52637 /* Release */,
			);
			defaultConfigurationIsVisible = 0;
			defaultConfigurationName = Release;
		};
/* End XCConfigurationList section */
	};
	rootObject = B7D921FE1FB9893F00F52637 /* Project object */;
}
